// !$*UTF8*$!
{
	archiveVersion = 1;
	classes = {
	};
	objectVersion = 55;
	objects = {

/* Begin PBXBuildFile section */
		504D0971AAA6813ED857D029 /* Pods_SocialLoginUI.framework in Frameworks */ = {isa = PBXBuildFile; fileRef = 77C140AB3CA6DF155C2A0CEA /* Pods_SocialLoginUI.framework */; };
		CFD1B3872981278200167A80 /* SocialLoginUIApp.swift in Sources */ = {isa = PBXBuildFile; fileRef = CFD1B3862981278200167A80 /* SocialLoginUIApp.swift */; };
		CFD1B3892981278200167A80 /* ContentView.swift in Sources */ = {isa = PBXBuildFile; fileRef = CFD1B3882981278200167A80 /* ContentView.swift */; };
		CFD1B38B2981278300167A80 /* Assets.xcassets in Resources */ = {isa = PBXBuildFile; fileRef = CFD1B38A2981278300167A80 /* Assets.xcassets */; };
		CFD1B38E2981278400167A80 /* Preview Assets.xcassets in Resources */ = {isa = PBXBuildFile; fileRef = CFD1B38D2981278400167A80 /* Preview Assets.xcassets */; };
		CFD1B39B29815D7900167A80 /* UserData.swift in Sources */ = {isa = PBXBuildFile; fileRef = CFD1B39A29815D7900167A80 /* UserData.swift */; };
		CFD1B39D2981603600167A80 /* MyPageView.swift in Sources */ = {isa = PBXBuildFile; fileRef = CFD1B39C2981603600167A80 /* MyPageView.swift */; };
/* End PBXBuildFile section */

/* Begin PBXFileReference section */
		3697A96CCF4DF1C0561F9735 /* Pods-SocialLoginUI.release.xcconfig */ = {isa = PBXFileReference; includeInIndex = 1; lastKnownFileType = text.xcconfig; name = "Pods-SocialLoginUI.release.xcconfig"; path = "Target Support Files/Pods-SocialLoginUI/Pods-SocialLoginUI.release.xcconfig"; sourceTree = "<group>"; };
		44990BFF940F46C473F78AE2 /* Pods-SocialLoginUI.debug.xcconfig */ = {isa = PBXFileReference; includeInIndex = 1; lastKnownFileType = text.xcconfig; name = "Pods-SocialLoginUI.debug.xcconfig"; path = "Target Support Files/Pods-SocialLoginUI/Pods-SocialLoginUI.debug.xcconfig"; sourceTree = "<group>"; };
		77C140AB3CA6DF155C2A0CEA /* Pods_SocialLoginUI.framework */ = {isa = PBXFileReference; explicitFileType = wrapper.framework; includeInIndex = 0; path = Pods_SocialLoginUI.framework; sourceTree = BUILT_PRODUCTS_DIR; };
		CFD1B3832981278200167A80 /* SocialLoginUI.app */ = {isa = PBXFileReference; explicitFileType = wrapper.application; includeInIndex = 0; path = SocialLoginUI.app; sourceTree = BUILT_PRODUCTS_DIR; };
		CFD1B3862981278200167A80 /* SocialLoginUIApp.swift */ = {isa = PBXFileReference; lastKnownFileType = sourcecode.swift; path = SocialLoginUIApp.swift; sourceTree = "<group>"; };
		CFD1B3882981278200167A80 /* ContentView.swift */ = {isa = PBXFileReference; lastKnownFileType = sourcecode.swift; path = ContentView.swift; sourceTree = "<group>"; };
		CFD1B38A2981278300167A80 /* Assets.xcassets */ = {isa = PBXFileReference; lastKnownFileType = folder.assetcatalog; path = Assets.xcassets; sourceTree = "<group>"; };
		CFD1B38D2981278400167A80 /* Preview Assets.xcassets */ = {isa = PBXFileReference; lastKnownFileType = folder.assetcatalog; path = "Preview Assets.xcassets"; sourceTree = "<group>"; };
		CFD1B39A29815D7900167A80 /* UserData.swift */ = {isa = PBXFileReference; lastKnownFileType = sourcecode.swift; path = UserData.swift; sourceTree = "<group>"; };
		CFD1B39C2981603600167A80 /* MyPageView.swift */ = {isa = PBXFileReference; lastKnownFileType = sourcecode.swift; path = MyPageView.swift; sourceTree = "<group>"; };
		CFD1B39E298262CB00167A80 /* Info.plist */ = {isa = PBXFileReference; lastKnownFileType = text.plist; path = Info.plist; sourceTree = "<group>"; };
/* End PBXFileReference section */

/* Begin PBXFrameworksBuildPhase section */
		CFD1B3802981278200167A80 /* Frameworks */ = {
			isa = PBXFrameworksBuildPhase;
			buildActionMask = 2147483647;
			files = (
				504D0971AAA6813ED857D029 /* Pods_SocialLoginUI.framework in Frameworks */,
			);
			runOnlyForDeploymentPostprocessing = 0;
		};
/* End PBXFrameworksBuildPhase section */

/* Begin PBXGroup section */
		079D3B6085C9CD1EF44A729D /* Pods */ = {
			isa = PBXGroup;
			children = (
				44990BFF940F46C473F78AE2 /* Pods-SocialLoginUI.debug.xcconfig */,
				3697A96CCF4DF1C0561F9735 /* Pods-SocialLoginUI.release.xcconfig */,
			);
			path = Pods;
			sourceTree = "<group>";
		};
		3D44F35825F5B11498CAED40 /* Frameworks */ = {
			isa = PBXGroup;
			children = (
				77C140AB3CA6DF155C2A0CEA /* Pods_SocialLoginUI.framework */,
			);
			name = Frameworks;
			sourceTree = "<group>";
		};
		CFD1B37A2981278200167A80 = {
			isa = PBXGroup;
			children = (
				CFD1B3852981278200167A80 /* SocialLoginUI */,
				CFD1B3842981278200167A80 /* Products */,
				079D3B6085C9CD1EF44A729D /* Pods */,
				3D44F35825F5B11498CAED40 /* Frameworks */,
			);
			sourceTree = "<group>";
		};
		CFD1B3842981278200167A80 /* Products */ = {
			isa = PBXGroup;
			children = (
				CFD1B3832981278200167A80 /* SocialLoginUI.app */,
			);
			name = Products;
			sourceTree = "<group>";
		};
		CFD1B3852981278200167A80 /* SocialLoginUI */ = {
			isa = PBXGroup;
			children = (
				CFD1B39E298262CB00167A80 /* Info.plist */,
				CFD1B3862981278200167A80 /* SocialLoginUIApp.swift */,
				CFD1B3882981278200167A80 /* ContentView.swift */,
				CFD1B39C2981603600167A80 /* MyPageView.swift */,
				CFD1B39A29815D7900167A80 /* UserData.swift */,
				CFD1B38A2981278300167A80 /* Assets.xcassets */,
				CFD1B38C2981278400167A80 /* Preview Content */,
			);
			path = SocialLoginUI;
			sourceTree = "<group>";
		};
		CFD1B38C2981278400167A80 /* Preview Content */ = {
			isa = PBXGroup;
			children = (
				CFD1B38D2981278400167A80 /* Preview Assets.xcassets */,
			);
			path = "Preview Content";
			sourceTree = "<group>";
		};
/* End PBXGroup section */

/* Begin PBXNativeTarget section */
		CFD1B3822981278200167A80 /* SocialLoginUI */ = {
			isa = PBXNativeTarget;
			buildConfigurationList = CFD1B3912981278400167A80 /* Build configuration list for PBXNativeTarget "SocialLoginUI" */;
			buildPhases = (
				F372AA268C818ED1CFECD22D /* [CP] Check Pods Manifest.lock */,
				CFD1B37F2981278200167A80 /* Sources */,
				CFD1B3802981278200167A80 /* Frameworks */,
				CFD1B3812981278200167A80 /* Resources */,
				AA52B2BD8CDF4FA22E280510 /* [CP] Embed Pods Frameworks */,
			);
			buildRules = (
			);
			dependencies = (
			);
			name = SocialLoginUI;
			productName = SocialLoginUI;
			productReference = CFD1B3832981278200167A80 /* SocialLoginUI.app */;
			productType = "com.apple.product-type.application";
		};
/* End PBXNativeTarget section */

/* Begin PBXProject section */
		CFD1B37B2981278200167A80 /* Project object */ = {
			isa = PBXProject;
			attributes = {
				BuildIndependentTargetsInParallel = 1;
				LastSwiftUpdateCheck = 1420;
				LastUpgradeCheck = 1420;
				TargetAttributes = {
					CFD1B3822981278200167A80 = {
						CreatedOnToolsVersion = 14.2;
					};
				};
			};
			buildConfigurationList = CFD1B37E2981278200167A80 /* Build configuration list for PBXProject "SocialLoginUI" */;
			compatibilityVersion = "Xcode 13.0";
			developmentRegion = en;
			hasScannedForEncodings = 0;
			knownRegions = (
				en,
				Base,
			);
			mainGroup = CFD1B37A2981278200167A80;
			productRefGroup = CFD1B3842981278200167A80 /* Products */;
			projectDirPath = "";
			projectRoot = "";
			targets = (
				CFD1B3822981278200167A80 /* SocialLoginUI */,
			);
		};
/* End PBXProject section */

/* Begin PBXResourcesBuildPhase section */
		CFD1B3812981278200167A80 /* Resources */ = {
			isa = PBXResourcesBuildPhase;
			buildActionMask = 2147483647;
			files = (
				CFD1B38E2981278400167A80 /* Preview Assets.xcassets in Resources */,
				CFD1B38B2981278300167A80 /* Assets.xcassets in Resources */,
			);
			runOnlyForDeploymentPostprocessing = 0;
		};
/* End PBXResourcesBuildPhase section */

/* Begin PBXShellScriptBuildPhase section */
		AA52B2BD8CDF4FA22E280510 /* [CP] Embed Pods Frameworks */ = {
			isa = PBXShellScriptBuildPhase;
			buildActionMask = 2147483647;
			files = (
			);
			inputFileListPaths = (
				"${PODS_ROOT}/Target Support Files/Pods-SocialLoginUI/Pods-SocialLoginUI-frameworks-${CONFIGURATION}-input-files.xcfilelist",
			);
			name = "[CP] Embed Pods Frameworks";
			outputFileListPaths = (
				"${PODS_ROOT}/Target Support Files/Pods-SocialLoginUI/Pods-SocialLoginUI-frameworks-${CONFIGURATION}-output-files.xcfilelist",
			);
			runOnlyForDeploymentPostprocessing = 0;
			shellPath = /bin/sh;
			shellScript = "\"${PODS_ROOT}/Target Support Files/Pods-SocialLoginUI/Pods-SocialLoginUI-frameworks.sh\"\n";
			showEnvVarsInLog = 0;
		};
		F372AA268C818ED1CFECD22D /* [CP] Check Pods Manifest.lock */ = {
			isa = PBXShellScriptBuildPhase;
			buildActionMask = 2147483647;
			files = (
			);
			inputFileListPaths = (
			);
			inputPaths = (
				"${PODS_PODFILE_DIR_PATH}/Podfile.lock",
				"${PODS_ROOT}/Manifest.lock",
			);
			name = "[CP] Check Pods Manifest.lock";
			outputFileListPaths = (
			);
			outputPaths = (
				"$(DERIVED_FILE_DIR)/Pods-SocialLoginUI-checkManifestLockResult.txt",
			);
			runOnlyForDeploymentPostprocessing = 0;
			shellPath = /bin/sh;
			shellScript = "diff \"${PODS_PODFILE_DIR_PATH}/Podfile.lock\" \"${PODS_ROOT}/Manifest.lock\" > /dev/null\nif [ $? != 0 ] ; then\n    # print error to STDERR\n    echo \"error: The sandbox is not in sync with the Podfile.lock. Run 'pod install' or update your CocoaPods installation.\" >&2\n    exit 1\nfi\n# This output is used by Xcode 'outputs' to avoid re-running this script phase.\necho \"SUCCESS\" > \"${SCRIPT_OUTPUT_FILE_0}\"\n";
			showEnvVarsInLog = 0;
		};
/* End PBXShellScriptBuildPhase section */

/* Begin PBXSourcesBuildPhase section */
		CFD1B37F2981278200167A80 /* Sources */ = {
			isa = PBXSourcesBuildPhase;
			buildActionMask = 2147483647;
			files = (
				CFD1B39B29815D7900167A80 /* UserData.swift in Sources */,
				CFD1B39D2981603600167A80 /* MyPageView.swift in Sources */,
				CFD1B3892981278200167A80 /* ContentView.swift in Sources */,
				CFD1B3872981278200167A80 /* SocialLoginUIApp.swift in Sources */,
			);
			runOnlyForDeploymentPostprocessing = 0;
		};
/* End PBXSourcesBuildPhase section */

/* Begin XCBuildConfiguration section */
		CFD1B38F2981278400167A80 /* Debug */ = {
			isa = XCBuildConfiguration;
			buildSettings = {
				ALWAYS_SEARCH_USER_PATHS = NO;
				CLANG_ANALYZER_NONNULL = YES;
				CLANG_ANALYZER_NUMBER_OBJECT_CONVERSION = YES_AGGRESSIVE;
				CLANG_CXX_LANGUAGE_STANDARD = "gnu++20";
				CLANG_ENABLE_MODULES = YES;
				CLANG_ENABLE_OBJC_ARC = YES;
				CLANG_ENABLE_OBJC_WEAK = YES;
				CLANG_WARN_BLOCK_CAPTURE_AUTORELEASING = YES;
				CLANG_WARN_BOOL_CONVERSION = YES;
				CLANG_WARN_COMMA = YES;
				CLANG_WARN_CONSTANT_CONVERSION = YES;
				CLANG_WARN_DEPRECATED_OBJC_IMPLEMENTATIONS = YES;
				CLANG_WARN_DIRECT_OBJC_ISA_USAGE = YES_ERROR;
				CLANG_WARN_DOCUMENTATION_COMMENTS = YES;
				CLANG_WARN_EMPTY_BODY = YES;
				CLANG_WARN_ENUM_CONVERSION = YES;
				CLANG_WARN_INFINITE_RECURSION = YES;
				CLANG_WARN_INT_CONVERSION = YES;
				CLANG_WARN_NON_LITERAL_NULL_CONVERSION = YES;
				CLANG_WARN_OBJC_IMPLICIT_RETAIN_SELF = YES;
				CLANG_WARN_OBJC_LITERAL_CONVERSION = YES;
				CLANG_WARN_OBJC_ROOT_CLASS = YES_ERROR;
				CLANG_WARN_QUOTED_INCLUDE_IN_FRAMEWORK_HEADER = YES;
				CLANG_WARN_RANGE_LOOP_ANALYSIS = YES;
				CLANG_WARN_STRICT_PROTOTYPES = YES;
				CLANG_WARN_SUSPICIOUS_MOVE = YES;
				CLANG_WARN_UNGUARDED_AVAILABILITY = YES_AGGRESSIVE;
				CLANG_WARN_UNREACHABLE_CODE = YES;
				CLANG_WARN__DUPLICATE_METHOD_MATCH = YES;
				COPY_PHASE_STRIP = NO;
				DEBUG_INFORMATION_FORMAT = dwarf;
				ENABLE_STRICT_OBJC_MSGSEND = YES;
				ENABLE_TESTABILITY = YES;
				GCC_C_LANGUAGE_STANDARD = gnu11;
				GCC_DYNAMIC_NO_PIC = NO;
				GCC_NO_COMMON_BLOCKS = YES;
				GCC_OPTIMIZATION_LEVEL = 0;
				GCC_PREPROCESSOR_DEFINITIONS = (
					"DEBUG=1",
					"$(inherited)",
				);
				GCC_WARN_64_TO_32_BIT_CONVERSION = YES;
				GCC_WARN_ABOUT_RETURN_TYPE = YES_ERROR;
				GCC_WARN_UNDECLARED_SELECTOR = YES;
				GCC_WARN_UNINITIALIZED_AUTOS = YES_AGGRESSIVE;
				GCC_WARN_UNUSED_FUNCTION = YES;
				GCC_WARN_UNUSED_VARIABLE = YES;
				IPHONEOS_DEPLOYMENT_TARGET = 16.2;
				MTL_ENABLE_DEBUG_INFO = INCLUDE_SOURCE;
				MTL_FAST_MATH = YES;
				ONLY_ACTIVE_ARCH = YES;
				SDKROOT = iphoneos;
				SWIFT_ACTIVE_COMPILATION_CONDITIONS = DEBUG;
				SWIFT_OPTIMIZATION_LEVEL = "-Onone";
			};
			name = Debug;
		};
		CFD1B3902981278400167A80 /* Release */ = {
			isa = XCBuildConfiguration;
			buildSettings = {
				ALWAYS_SEARCH_USER_PATHS = NO;
				CLANG_ANALYZER_NONNULL = YES;
				CLANG_ANALYZER_NUMBER_OBJECT_CONVERSION = YES_AGGRESSIVE;
				CLANG_CXX_LANGUAGE_STANDARD = "gnu++20";
				CLANG_ENABLE_MODULES = YES;
				CLANG_ENABLE_OBJC_ARC = YES;
				CLANG_ENABLE_OBJC_WEAK = YES;
				CLANG_WARN_BLOCK_CAPTURE_AUTORELEASING = YES;
				CLANG_WARN_BOOL_CONVERSION = YES;
				CLANG_WARN_COMMA = YES;
				CLANG_WARN_CONSTANT_CONVERSION = YES;
				CLANG_WARN_DEPRECATED_OBJC_IMPLEMENTATIONS = YES;
				CLANG_WARN_DIRECT_OBJC_ISA_USAGE = YES_ERROR;
				CLANG_WARN_DOCUMENTATION_COMMENTS = YES;
				CLANG_WARN_EMPTY_BODY = YES;
				CLANG_WARN_ENUM_CONVERSION = YES;
				CLANG_WARN_INFINITE_RECURSION = YES;
				CLANG_WARN_INT_CONVERSION = YES;
				CLANG_WARN_NON_LITERAL_NULL_CONVERSION = YES;
				CLANG_WARN_OBJC_IMPLICIT_RETAIN_SELF = YES;
				CLANG_WARN_OBJC_LITERAL_CONVERSION = YES;
				CLANG_WARN_OBJC_ROOT_CLASS = YES_ERROR;
				CLANG_WARN_QUOTED_INCLUDE_IN_FRAMEWORK_HEADER = YES;
				CLANG_WARN_RANGE_LOOP_ANALYSIS = YES;
				CLANG_WARN_STRICT_PROTOTYPES = YES;
				CLANG_WARN_SUSPICIOUS_MOVE = YES;
				CLANG_WARN_UNGUARDED_AVAILABILITY = YES_AGGRESSIVE;
				CLANG_WARN_UNREACHABLE_CODE = YES;
				CLANG_WARN__DUPLICATE_METHOD_MATCH = YES;
				COPY_PHASE_STRIP = NO;
				DEBUG_INFORMATION_FORMAT = "dwarf-with-dsym";
				ENABLE_NS_ASSERTIONS = NO;
				ENABLE_STRICT_OBJC_MSGSEND = YES;
				GCC_C_LANGUAGE_STANDARD = gnu11;
				GCC_NO_COMMON_BLOCKS = YES;
				GCC_WARN_64_TO_32_BIT_CONVERSION = YES;
				GCC_WARN_ABOUT_RETURN_TYPE = YES_ERROR;
				GCC_WARN_UNDECLARED_SELECTOR = YES;
				GCC_WARN_UNINITIALIZED_AUTOS = YES_AGGRESSIVE;
				GCC_WARN_UNUSED_FUNCTION = YES;
				GCC_WARN_UNUSED_VARIABLE = YES;
				IPHONEOS_DEPLOYMENT_TARGET = 16.2;
				MTL_ENABLE_DEBUG_INFO = NO;
				MTL_FAST_MATH = YES;
				SDKROOT = iphoneos;
				SWIFT_COMPILATION_MODE = wholemodule;
				SWIFT_OPTIMIZATION_LEVEL = "-O";
				VALIDATE_PRODUCT = YES;
			};
			name = Release;
		};
		CFD1B3922981278400167A80 /* Debug */ = {
			isa = XCBuildConfiguration;
			baseConfigurationReference = 44990BFF940F46C473F78AE2 /* Pods-SocialLoginUI.debug.xcconfig */;
			buildSettings = {
				ASSETCATALOG_COMPILER_APPICON_NAME = AppIcon;
				ASSETCATALOG_COMPILER_GLOBAL_ACCENT_COLOR_NAME = AccentColor;
				CODE_SIGN_STYLE = Automatic;
				CURRENT_PROJECT_VERSION = 1;
				DEVELOPMENT_ASSET_PATHS = "\"SocialLoginUI/Preview Content\"";
				DEVELOPMENT_TEAM = M7QY569K4A;
				ENABLE_PREVIEWS = YES;
				GENERATE_INFOPLIST_FILE = YES;
				INFOPLIST_FILE = SocialLoginUI/Info.plist;
				INFOPLIST_KEY_UIApplicationSceneManifest_Generation = YES;
				INFOPLIST_KEY_UIApplicationSupportsIndirectInputEvents = YES;
				INFOPLIST_KEY_UILaunchScreen_Generation = YES;
				INFOPLIST_KEY_UISupportedInterfaceOrientations_iPad = "UIInterfaceOrientationPortrait UIInterfaceOrientationPortraitUpsideDown UIInterfaceOrientationLandscapeLeft UIInterfaceOrientationLandscapeRight";
				INFOPLIST_KEY_UISupportedInterfaceOrientations_iPhone = "UIInterfaceOrientationPortrait UIInterfaceOrientationLandscapeLeft UIInterfaceOrientationLandscapeRight";
				LD_RUNPATH_SEARCH_PATHS = (
					"$(inherited)",
					"@executable_path/Frameworks",
				);
				MARKETING_VERSION = 1.0;
				PRODUCT_BUNDLE_IDENTIFIER = com.bailey.SocialLoginUI;
				PRODUCT_NAME = "$(TARGET_NAME)";
				SWIFT_EMIT_LOC_STRINGS = YES;
				SWIFT_VERSION = 5.0;
				TARGETED_DEVICE_FAMILY = "1,2";
			};
			name = Debug;
		};
		CFD1B3932981278400167A80 /* Release */ = {
			isa = XCBuildConfiguration;
			baseConfigurationReference = 3697A96CCF4DF1C0561F9735 /* Pods-SocialLoginUI.release.xcconfig */;
			buildSettings = {
				ASSETCATALOG_COMPILER_APPICON_NAME = AppIcon;
				ASSETCATALOG_COMPILER_GLOBAL_ACCENT_COLOR_NAME = AccentColor;
				CODE_SIGN_STYLE = Automatic;
				CURRENT_PROJECT_VERSION = 1;
				DEVELOPMENT_ASSET_PATHS = "\"SocialLoginUI/Preview Content\"";
				DEVELOPMENT_TEAM = M7QY569K4A;
				ENABLE_PREVIEWS = YES;
				GENERATE_INFOPLIST_FILE = YES;
				INFOPLIST_FILE = SocialLoginUI/Info.plist;
				INFOPLIST_KEY_UIApplicationSceneManifest_Generation = YES;
				INFOPLIST_KEY_UIApplicationSupportsIndirectInputEvents = YES;
				INFOPLIST_KEY_UILaunchScreen_Generation = YES;
				INFOPLIST_KEY_UISupportedInterfaceOrientations_iPad = "UIInterfaceOrientationPortrait UIInterfaceOrientationPortraitUpsideDown UIInterfaceOrientationLandscapeLeft UIInterfaceOrientationLandscapeRight";
				INFOPLIST_KEY_UISupportedInterfaceOrientations_iPhone = "UIInterfaceOrientationPortrait UIInterfaceOrientationLandscapeLeft UIInterfaceOrientationLandscapeRight";
				LD_RUNPATH_SEARCH_PATHS = (
					"$(inherited)",
					"@executable_path/Frameworks",
				);
				MARKETING_VERSION = 1.0;
				PRODUCT_BUNDLE_IDENTIFIER = com.bailey.SocialLoginUI;
				PRODUCT_NAME = "$(TARGET_NAME)";
				SWIFT_EMIT_LOC_STRINGS = YES;
				SWIFT_VERSION = 5.0;
				TARGETED_DEVICE_FAMILY = "1,2";
			};
			name = Release;
		};
/* End XCBuildConfiguration section */

/* Begin XCConfigurationList section */
		CFD1B37E2981278200167A80 /* Build configuration list for PBXProject "SocialLoginUI" */ = {
			isa = XCConfigurationList;
			buildConfigurations = (
				CFD1B38F2981278400167A80 /* Debug */,
				CFD1B3902981278400167A80 /* Release */,
			);
			defaultConfigurationIsVisible = 0;
			defaultConfigurationName = Release;
		};
		CFD1B3912981278400167A80 /* Build configuration list for PBXNativeTarget "SocialLoginUI" */ = {
			isa = XCConfigurationList;
			buildConfigurations = (
				CFD1B3922981278400167A80 /* Debug */,
				CFD1B3932981278400167A80 /* Release */,
			);
			defaultConfigurationIsVisible = 0;
			defaultConfigurationName = Release;
		};
/* End XCConfigurationList section */
	};
	rootObject = CFD1B37B2981278200167A80 /* Project object */;
}
